
Microsoft Visual Studio Solution File, Format Version 12.00
# Visual Studio Version 17
VisualStudioVersion = 17.13.35913.81
MinimumVisualStudioVersion = 10.0.40219.1
Project("{2150E333-8FDC-42A3-9474-1A3956D46DE8}") = "src", "src", "{02EA681E-C7D8-13C7-8484-4AC65E1B71E8}"
EndProject
Project("{2150E333-8FDC-42A3-9474-1A3956D46DE8}") = "Services", "Services", "{A0CD12E3-6B7C-411E-ACAE-076A1682774F}"
EndProject
Project("{2150E333-8FDC-42A3-9474-1A3956D46DE8}") = "Catalog", "Catalog", "{3CC03DAB-2D04-48DC-A34C-6B2264F97362}"
EndProject
Project("{FAE04EC0-301F-11D3-BF4B-00C04F79EFBC}") = "EcommerceApp.Catalog", "src\Services\Catalog\EcommerceApp.Catalog\EcommerceApp.Catalog.csproj", "{85B45F4D-B450-495F-A106-F462FE58AE3C}"
EndProject
Project("{2150E333-8FDC-42A3-9474-1A3956D46DE8}") = "Discount", "Discount", "{444C7DB0-DBFC-4F40-8F4C-AB09E07B032B}"
EndProject
Project("{FAE04EC0-301F-11D3-BF4B-00C04F79EFBC}") = "Ecommerce.Discount", "src\Services\Discount\Ecommerce.Discount\Ecommerce.Discount.csproj", "{531072EE-9F3B-476A-86CE-9FB68DDBE217}"
EndProject
Project("{2150E333-8FDC-42A3-9474-1A3956D46DE8}") = "Order", "Order", "{52C63104-85AD-49EB-827A-FCE75A51CF98}"
EndProject
Project("{2150E333-8FDC-42A3-9474-1A3956D46DE8}") = "Core", "Core", "{8D84A49A-E016-4BFD-BF3E-3E5DD467C9FE}"
EndProject
Project("{2150E333-8FDC-42A3-9474-1A3956D46DE8}") = "Infrastructure", "Infrastructure", "{73033BC1-A98B-4655-A193-8A78AA73AA23}"
EndProject
Project("{2150E333-8FDC-42A3-9474-1A3956D46DE8}") = "Presentation", "Presentation", "{B3679689-E821-487E-8CAB-E54F3F1645CD}"
EndProject
Project("{FAE04EC0-301F-11D3-BF4B-00C04F79EFBC}") = "EcommerceApp.Order.Domain", "src\Services\Order\Core\EcommerceApp.Order.Domain\EcommerceApp.Order.Domain.csproj", "{B4823246-AA29-4E76-8BB9-FFAB9B3B6CEE}"
EndProject
Project("{FAE04EC0-301F-11D3-BF4B-00C04F79EFBC}") = "EcommerceApp.Order.Application", "src\Services\Order\Core\EcommerceApp.Order.Application\EcommerceApp.Order.Application.csproj", "{2261B864-4786-49E9-A1F2-9A94FAB79DED}"
EndProject
Project("{FAE04EC0-301F-11D3-BF4B-00C04F79EFBC}") = "EcommerceApp.Order.Persistance", "src\Services\Order\Infrastructure\EcommerceApp.Order.Persistance\EcommerceApp.Order.Persistance.csproj", "{3205FE1B-503A-4942-8301-D1E62761B647}"
EndProject
Project("{FAE04EC0-301F-11D3-BF4B-00C04F79EFBC}") = "EcommerceApp.Order.WebApi", "src\Services\Order\Presentation\EcommerceApp.Order.WebApi\EcommerceApp.Order.WebApi.csproj", "{0523A911-45BE-4C88-A601-421805B7A483}"
EndProject
Project("{2150E333-8FDC-42A3-9474-1A3956D46DE8}") = "IdentityServer", "IdentityServer", "{E379540A-D456-4E27-9F20-1762B5657FC4}"
EndProject
Project("{FAE04EC0-301F-11D3-BF4B-00C04F79EFBC}") = "EcommerceApp.IdentityServer", "src\IdentityServer\EcommerceApp.IdentityServer\EcommerceApp.IdentityServer.csproj", "{996441E0-C609-D246-6B89-D4D1E325DD33}"
EndProject
Project("{2150E333-8FDC-42A3-9474-1A3956D46DE8}") = "Cargo", "Cargo", "{B191E836-B7FF-4549-BD95-455FE10FB689}"
EndProject
Project("{FAE04EC0-301F-11D3-BF4B-00C04F79EFBC}") = "EcommerceApp.Cargo.BusinessLayer", "src\Services\Cargo\EcommerceApp.Cargo.BusinessLayer\EcommerceApp.Cargo.BusinessLayer.csproj", "{561FD52A-ED44-4FED-9A96-E89A21BD6F57}"
EndProject
Project("{FAE04EC0-301F-11D3-BF4B-00C04F79EFBC}") = "EcommerceApp.Cargo.DataAccessLayer", "src\Services\Cargo\EcommerceApp.Cargo.DataAccessLayer\EcommerceApp.Cargo.DataAccessLayer.csproj", "{843B56C7-84D0-425E-B94A-B58DE5553AC7}"
EndProject
Project("{FAE04EC0-301F-11D3-BF4B-00C04F79EFBC}") = "EcommerceApp.Cargo.DtoLayer", "src\Services\Cargo\EcommerceApp.Cargo.DtoLayer\EcommerceApp.Cargo.DtoLayer.csproj", "{061A2ABD-5EA9-4756-800C-BD5918DA94F0}"
EndProject
Project("{FAE04EC0-301F-11D3-BF4B-00C04F79EFBC}") = "EcommerceApp.Cargo.EntityLayer", "src\Services\Cargo\EcommerceApp.Cargo.EntityLayer\EcommerceApp.Cargo.EntityLayer.csproj", "{49709E19-46F6-4A3F-9A03-4B692A4F3912}"
EndProject
Project("{FAE04EC0-301F-11D3-BF4B-00C04F79EFBC}") = "EcommerceApp.Cargo.WebApi", "src\Services\Cargo\EcommerceApp.Cargo.WebApi\EcommerceApp.Cargo.WebApi.csproj", "{BA0B29AA-9713-47A0-B402-546A22EBE2BC}"
EndProject
Project("{2150E333-8FDC-42A3-9474-1A3956D46DE8}") = "Basket", "Basket", "{DA48A75C-0B83-423E-B9C6-6603E877AEB3}"
EndProject
Project("{FAE04EC0-301F-11D3-BF4B-00C04F79EFBC}") = "EcommerceApp.Basket", "src\Services\Basket\EcommerceApp.Basket\EcommerceApp.Basket.csproj", "{2DEF7E52-0169-432D-8A47-73381119C2FE}"
EndProject
Global
	GlobalSection(SolutionConfigurationPlatforms) = preSolution
		Debug|Any CPU = Debug|Any CPU
		Release|Any CPU = Release|Any CPU
	EndGlobalSection
	GlobalSection(ProjectConfigurationPlatforms) = postSolution
		{85B45F4D-B450-495F-A106-F462FE58AE3C}.Debug|Any CPU.ActiveCfg = Debug|Any CPU
		{85B45F4D-B450-495F-A106-F462FE58AE3C}.Debug|Any CPU.Build.0 = Debug|Any CPU
		{85B45F4D-B450-495F-A106-F462FE58AE3C}.Release|Any CPU.ActiveCfg = Release|Any CPU
		{85B45F4D-B450-495F-A106-F462FE58AE3C}.Release|Any CPU.Build.0 = Release|Any CPU
		{531072EE-9F3B-476A-86CE-9FB68DDBE217}.Debug|Any CPU.ActiveCfg = Debug|Any CPU
		{531072EE-9F3B-476A-86CE-9FB68DDBE217}.Debug|Any CPU.Build.0 = Debug|Any CPU
		{531072EE-9F3B-476A-86CE-9FB68DDBE217}.Release|Any CPU.ActiveCfg = Release|Any CPU
		{531072EE-9F3B-476A-86CE-9FB68DDBE217}.Release|Any CPU.Build.0 = Release|Any CPU
		{B4823246-AA29-4E76-8BB9-FFAB9B3B6CEE}.Debug|Any CPU.ActiveCfg = Debug|Any CPU
		{B4823246-AA29-4E76-8BB9-FFAB9B3B6CEE}.Debug|Any CPU.Build.0 = Debug|Any CPU
		{B4823246-AA29-4E76-8BB9-FFAB9B3B6CEE}.Release|Any CPU.ActiveCfg = Release|Any CPU
		{B4823246-AA29-4E76-8BB9-FFAB9B3B6CEE}.Release|Any CPU.Build.0 = Release|Any CPU
		{2261B864-4786-49E9-A1F2-9A94FAB79DED}.Debug|Any CPU.ActiveCfg = Debug|Any CPU
		{2261B864-4786-49E9-A1F2-9A94FAB79DED}.Debug|Any CPU.Build.0 = Debug|Any CPU
		{2261B864-4786-49E9-A1F2-9A94FAB79DED}.Release|Any CPU.ActiveCfg = Release|Any CPU
		{2261B864-4786-49E9-A1F2-9A94FAB79DED}.Release|Any CPU.Build.0 = Release|Any CPU
		{3205FE1B-503A-4942-8301-D1E62761B647}.Debug|Any CPU.ActiveCfg = Debug|Any CPU
		{3205FE1B-503A-4942-8301-D1E62761B647}.Debug|Any CPU.Build.0 = Debug|Any CPU
		{3205FE1B-503A-4942-8301-D1E62761B647}.Release|Any CPU.ActiveCfg = Release|Any CPU
		{3205FE1B-503A-4942-8301-D1E62761B647}.Release|Any CPU.Build.0 = Release|Any CPU
		{0523A911-45BE-4C88-A601-421805B7A483}.Debug|Any CPU.ActiveCfg = Debug|Any CPU
		{0523A911-45BE-4C88-A601-421805B7A483}.Debug|Any CPU.Build.0 = Debug|Any CPU
		{0523A911-45BE-4C88-A601-421805B7A483}.Release|Any CPU.ActiveCfg = Release|Any CPU
		{0523A911-45BE-4C88-A601-421805B7A483}.Release|Any CPU.Build.0 = Release|Any CPU
		{996441E0-C609-D246-6B89-D4D1E325DD33}.Debug|Any CPU.ActiveCfg = Debug|Any CPU
		{996441E0-C609-D246-6B89-D4D1E325DD33}.Debug|Any CPU.Build.0 = Debug|Any CPU
		{996441E0-C609-D246-6B89-D4D1E325DD33}.Release|Any CPU.ActiveCfg = Release|Any CPU
		{996441E0-C609-D246-6B89-D4D1E325DD33}.Release|Any CPU.Build.0 = Release|Any CPU
		{561FD52A-ED44-4FED-9A96-E89A21BD6F57}.Debug|Any CPU.ActiveCfg = Debug|Any CPU
		{561FD52A-ED44-4FED-9A96-E89A21BD6F57}.Debug|Any CPU.Build.0 = Debug|Any CPU
		{561FD52A-ED44-4FED-9A96-E89A21BD6F57}.Release|Any CPU.ActiveCfg = Release|Any CPU
		{561FD52A-ED44-4FED-9A96-E89A21BD6F57}.Release|Any CPU.Build.0 = Release|Any CPU
		{843B56C7-84D0-425E-B94A-B58DE5553AC7}.Debug|Any CPU.ActiveCfg = Debug|Any CPU
		{843B56C7-84D0-425E-B94A-B58DE5553AC7}.Debug|Any CPU.Build.0 = Debug|Any CPU
		{843B56C7-84D0-425E-B94A-B58DE5553AC7}.Release|Any CPU.ActiveCfg = Release|Any CPU
		{843B56C7-84D0-425E-B94A-B58DE5553AC7}.Release|Any CPU.Build.0 = Release|Any CPU
		{061A2ABD-5EA9-4756-800C-BD5918DA94F0}.Debug|Any CPU.ActiveCfg = Debug|Any CPU
		{061A2ABD-5EA9-4756-800C-BD5918DA94F0}.Debug|Any CPU.Build.0 = Debug|Any CPU
		{061A2ABD-5EA9-4756-800C-BD5918DA94F0}.Release|Any CPU.ActiveCfg = Release|Any CPU
		{061A2ABD-5EA9-4756-800C-BD5918DA94F0}.Release|Any CPU.Build.0 = Release|Any CPU
		{49709E19-46F6-4A3F-9A03-4B692A4F3912}.Debug|Any CPU.ActiveCfg = Debug|Any CPU
		{49709E19-46F6-4A3F-9A03-4B692A4F3912}.Debug|Any CPU.Build.0 = Debug|Any CPU
		{49709E19-46F6-4A3F-9A03-4B692A4F3912}.Release|Any CPU.ActiveCfg = Release|Any CPU
		{49709E19-46F6-4A3F-9A03-4B692A4F3912}.Release|Any CPU.Build.0 = Release|Any CPU
		{BA0B29AA-9713-47A0-B402-546A22EBE2BC}.Debug|Any CPU.ActiveCfg = Debug|Any CPU
		{BA0B29AA-9713-47A0-B402-546A22EBE2BC}.Debug|Any CPU.Build.0 = Debug|Any CPU
		{BA0B29AA-9713-47A0-B402-546A22EBE2BC}.Release|Any CPU.ActiveCfg = Release|Any CPU
		{BA0B29AA-9713-47A0-B402-546A22EBE2BC}.Release|Any CPU.Build.0 = Release|Any CPU
		{2DEF7E52-0169-432D-8A47-73381119C2FE}.Debug|Any CPU.ActiveCfg = Debug|Any CPU
		{2DEF7E52-0169-432D-8A47-73381119C2FE}.Debug|Any CPU.Build.0 = Debug|Any CPU
		{2DEF7E52-0169-432D-8A47-73381119C2FE}.Release|Any CPU.ActiveCfg = Release|Any CPU
		{2DEF7E52-0169-432D-8A47-73381119C2FE}.Release|Any CPU.Build.0 = Release|Any CPU
	EndGlobalSection
	GlobalSection(SolutionProperties) = preSolution
		HideSolutionNode = FALSE
	EndGlobalSection
	GlobalSection(NestedProjects) = preSolution
		{A0CD12E3-6B7C-411E-ACAE-076A1682774F} = {02EA681E-C7D8-13C7-8484-4AC65E1B71E8}
		{3CC03DAB-2D04-48DC-A34C-6B2264F97362} = {A0CD12E3-6B7C-411E-ACAE-076A1682774F}
		{85B45F4D-B450-495F-A106-F462FE58AE3C} = {3CC03DAB-2D04-48DC-A34C-6B2264F97362}
		{444C7DB0-DBFC-4F40-8F4C-AB09E07B032B} = {A0CD12E3-6B7C-411E-ACAE-076A1682774F}
		{531072EE-9F3B-476A-86CE-9FB68DDBE217} = {444C7DB0-DBFC-4F40-8F4C-AB09E07B032B}
		{52C63104-85AD-49EB-827A-FCE75A51CF98} = {A0CD12E3-6B7C-411E-ACAE-076A1682774F}
		{8D84A49A-E016-4BFD-BF3E-3E5DD467C9FE} = {52C63104-85AD-49EB-827A-FCE75A51CF98}
		{73033BC1-A98B-4655-A193-8A78AA73AA23} = {52C63104-85AD-49EB-827A-FCE75A51CF98}
		{B3679689-E821-487E-8CAB-E54F3F1645CD} = {52C63104-85AD-49EB-827A-FCE75A51CF98}
		{B4823246-AA29-4E76-8BB9-FFAB9B3B6CEE} = {8D84A49A-E016-4BFD-BF3E-3E5DD467C9FE}
		{2261B864-4786-49E9-A1F2-9A94FAB79DED} = {8D84A49A-E016-4BFD-BF3E-3E5DD467C9FE}
		{3205FE1B-503A-4942-8301-D1E62761B647} = {73033BC1-A98B-4655-A193-8A78AA73AA23}
		{0523A911-45BE-4C88-A601-421805B7A483} = {B3679689-E821-487E-8CAB-E54F3F1645CD}
		{E379540A-D456-4E27-9F20-1762B5657FC4} = {02EA681E-C7D8-13C7-8484-4AC65E1B71E8}
		{996441E0-C609-D246-6B89-D4D1E325DD33} = {E379540A-D456-4E27-9F20-1762B5657FC4}
		{B191E836-B7FF-4549-BD95-455FE10FB689} = {A0CD12E3-6B7C-411E-ACAE-076A1682774F}
		{561FD52A-ED44-4FED-9A96-E89A21BD6F57} = {B191E836-B7FF-4549-BD95-455FE10FB689}
		{843B56C7-84D0-425E-B94A-B58DE5553AC7} = {B191E836-B7FF-4549-BD95-455FE10FB689}
		{061A2ABD-5EA9-4756-800C-BD5918DA94F0} = {B191E836-B7FF-4549-BD95-455FE10FB689}
		{49709E19-46F6-4A3F-9A03-4B692A4F3912} = {B191E836-B7FF-4549-BD95-455FE10FB689}
		{BA0B29AA-9713-47A0-B402-546A22EBE2BC} = {B191E836-B7FF-4549-BD95-455FE10FB689}
		{DA48A75C-0B83-423E-B9C6-6603E877AEB3} = {A0CD12E3-6B7C-411E-ACAE-076A1682774F}
		{2DEF7E52-0169-432D-8A47-73381119C2FE} = {DA48A75C-0B83-423E-B9C6-6603E877AEB3}
	EndGlobalSection
	GlobalSection(ExtensibilityGlobals) = postSolution
		SolutionGuid = {2973C81A-01DB-46F2-AAF2-F1B3B5242E87}
	EndGlobalSection
EndGlobal
